
Microsoft Visual Studio Solution File, Format Version 12.00
# Visual Studio Version 16
VisualStudioVersion = 16.0.28922.388
MinimumVisualStudioVersion = 10.0.40219.1
Project("{E24C65DC-7377-472B-9ABA-BC803B73C61A}") = "ebay-lister", "ebay-lister\", "{9838C723-EE2A-4AA5-9D32-17FB7511A002}"
	ProjectSection(WebsiteProperties) = preProject
		TargetFrameworkMoniker = ".NETFramework,Version%3Dv4.7.2"
		Debug.AspNetCompiler.VirtualPath = "/localhost_52748"
		Debug.AspNetCompiler.PhysicalPath = "ebay-lister\"
		Debug.AspNetCompiler.TargetPath = "PrecompiledWeb\localhost_52748\"
		Debug.AspNetCompiler.Updateable = "true"
		Debug.AspNetCompiler.ForceOverwrite = "true"
		Debug.AspNetCompiler.FixedNames = "false"
		Debug.AspNetCompiler.Debug = "True"
		Release.AspNetCompiler.VirtualPath = "/localhost_52748"
		Release.AspNetCompiler.PhysicalPath = "ebay-lister\"
		Release.AspNetCompiler.TargetPath = "PrecompiledWeb\localhost_52748\"
		Release.AspNetCompiler.Updateable = "true"
		Release.AspNetCompiler.ForceOverwrite = "true"
		Release.AspNetCompiler.FixedNames = "false"
		Release.AspNetCompiler.Debug = "False"
		VWDPort = "52748"
		SlnRelativePath = "ebay-lister\"
		DefaultWebSiteLanguage = "Visual C#"
	EndProjectSection
EndProject
Global
	GlobalSection(SolutionConfigurationPlatforms) = preSolution
		Debug|Any CPU = Debug|Any CPU
	EndGlobalSection
	GlobalSection(ProjectConfigurationPlatforms) = postSolution
		{9838C723-EE2A-4AA5-9D32-17FB7511A002}.Debug|Any CPU.ActiveCfg = Debug|Any CPU
		{9838C723-EE2A-4AA5-9D32-17FB7511A002}.Debug|Any CPU.Build.0 = Debug|Any CPU
	EndGlobalSection
	GlobalSection(SolutionProperties) = preSolution
		HideSolutionNode = FALSE
	EndGlobalSection
	GlobalSection(ExtensibilityGlobals) = postSolution
		SolutionGuid = {DC78F297-99FC-48CD-A5DB-F1CE71B266FC}
	EndGlobalSection
EndGlobal
