
Microsoft Visual Studio Solution File, Format Version 12.00
# Visual Studio 15
VisualStudioVersion = 15.0.27130.2010
MinimumVisualStudioVersion = 10.0.40219.1
Project("{FAE04EC0-301F-11D3-BF4B-00C04F79EFBC}") = "gsheet-to-ebay", "gsheet-to-ebay\gsheet-to-ebay.csproj", "{4AC71442-7AAD-4AE5-A0A3-089FD67A488D}"
EndProject
Global
	GlobalSection(SolutionConfigurationPlatforms) = preSolution
		Debug|Any CPU = Debug|Any CPU
		Release|Any CPU = Release|Any CPU
	EndGlobalSection
	GlobalSection(ProjectConfigurationPlatforms) = postSolution
		{4AC71442-7AAD-4AE5-A0A3-089FD67A488D}.Debug|Any CPU.ActiveCfg = Debug|Any CPU
		{4AC71442-7AAD-4AE5-A0A3-089FD67A488D}.Debug|Any CPU.Build.0 = Debug|Any CPU
		{4AC71442-7AAD-4AE5-A0A3-089FD67A488D}.Release|Any CPU.ActiveCfg = Release|Any CPU
		{4AC71442-7AAD-4AE5-A0A3-089FD67A488D}.Release|Any CPU.Build.0 = Release|Any CPU
	EndGlobalSection
	GlobalSection(SolutionProperties) = preSolution
		HideSolutionNode = FALSE
	EndGlobalSection
	GlobalSection(ExtensibilityGlobals) = postSolution
		SolutionGuid = {4DB7F5A7-1254-439C-A5E6-35F119A435A6}
	EndGlobalSection
EndGlobal
